// !$*UTF8*$!
{
	archiveVersion = 1;
	classes = {
	};
	objectVersion = 46;
	objects = {

/* Begin PBXBuildFile section */
		308662B6E3CD9CA21E34B517 /* Pods_NeonTests.framework in Frameworks */ = {isa = PBXBuildFile; fileRef = 0414F8C6C5A2D5354A57BC4F /* Pods_NeonTests.framework */; };
		8A94682434720F3494703601 /* Pods_Neon.framework in Frameworks */ = {isa = PBXBuildFile; fileRef = 6B3D394B0007965F574A4967 /* Pods_Neon.framework */; };
		A020980D1D6DCCE7003283AE /* AppDelegate.swift in Sources */ = {isa = PBXBuildFile; fileRef = A020980C1D6DCCE7003283AE /* AppDelegate.swift */; };
		A020980F1D6DCCE7003283AE /* HomeViewController.swift in Sources */ = {isa = PBXBuildFile; fileRef = A020980E1D6DCCE7003283AE /* HomeViewController.swift */; };
		A02098121D6DCCE7003283AE /* Main.storyboard in Resources */ = {isa = PBXBuildFile; fileRef = A02098101D6DCCE7003283AE /* Main.storyboard */; };
		A02098141D6DCCE7003283AE /* Assets.xcassets in Resources */ = {isa = PBXBuildFile; fileRef = A02098131D6DCCE7003283AE /* Assets.xcassets */; };
		A02098171D6DCCE7003283AE /* LaunchScreen.storyboard in Resources */ = {isa = PBXBuildFile; fileRef = A02098151D6DCCE7003283AE /* LaunchScreen.storyboard */; };
		A040F74D1D6F95E90083325B /* BaseTableViewController.swift in Sources */ = {isa = PBXBuildFile; fileRef = A040F74C1D6F95E90083325B /* BaseTableViewController.swift */; };
		A040F74F1D6F99AC0083325B /* SCLAlertView+Ext.swift in Sources */ = {isa = PBXBuildFile; fileRef = A040F74E1D6F99AC0083325B /* SCLAlertView+Ext.swift */; };
		A040F7511D6FB6360083325B /* ContactTests.swift in Sources */ = {isa = PBXBuildFile; fileRef = A040F7501D6FB6360083325B /* ContactTests.swift */; };
		A040F7531D6FB8CF0083325B /* TransferTests.swift in Sources */ = {isa = PBXBuildFile; fileRef = A040F7521D6FB8CF0083325B /* TransferTests.swift */; };
		A040F7571D6FC5C50083325B /* StringTests.swift in Sources */ = {isa = PBXBuildFile; fileRef = A040F7561D6FC5C50083325B /* StringTests.swift */; };
		A040F7591D6FC7520083325B /* ContactDataManagerTests.swift in Sources */ = {isa = PBXBuildFile; fileRef = A040F7581D6FC7520083325B /* ContactDataManagerTests.swift */; };
		A05A76AD1D6F2E7D0092B725 /* me.png in Resources */ = {isa = PBXBuildFile; fileRef = A05A76AC1D6F2E7D0092B725 /* me.png */; };
		A0BD1BBC1D6DE8580040A71D /* ContactsTableViewController.swift in Sources */ = {isa = PBXBuildFile; fileRef = A0BD1BBB1D6DE8580040A71D /* ContactsTableViewController.swift */; };
		A0BD1BBE1D6DEAEA0040A71D /* ContactCell.swift in Sources */ = {isa = PBXBuildFile; fileRef = A0BD1BBD1D6DEAEA0040A71D /* ContactCell.swift */; };
		A0BD1BC01D6DEB720040A71D /* Contact.swift in Sources */ = {isa = PBXBuildFile; fileRef = A0BD1BBF1D6DEB720040A71D /* Contact.swift */; };
		A0BD1BC21D6E07710040A71D /* String+Ext.swift in Sources */ = {isa = PBXBuildFile; fileRef = A0BD1BC11D6E07710040A71D /* String+Ext.swift */; };
		A0BD1BC41D6E17150040A71D /* Constants.swift in Sources */ = {isa = PBXBuildFile; fileRef = A0BD1BC31D6E17150040A71D /* Constants.swift */; };
		A0BD1BC61D6E17C90040A71D /* BaseRequest.swift in Sources */ = {isa = PBXBuildFile; fileRef = A0BD1BC51D6E17C90040A71D /* BaseRequest.swift */; };
		A0BD1BC81D6E18190040A71D /* GenerateTokenRequest.swift in Sources */ = {isa = PBXBuildFile; fileRef = A0BD1BC71D6E18190040A71D /* GenerateTokenRequest.swift */; };
		A0BD1BCA1D6E1CAD0040A71D /* ErrorList.swift in Sources */ = {isa = PBXBuildFile; fileRef = A0BD1BC91D6E1CAD0040A71D /* ErrorList.swift */; };
		A0BD1BCC1D6E1E6E0040A71D /* SendMoneyRequest.swift in Sources */ = {isa = PBXBuildFile; fileRef = A0BD1BCB1D6E1E6E0040A71D /* SendMoneyRequest.swift */; };
		A0BD1BD01D6E26660040A71D /* ContactCell.xib in Resources */ = {isa = PBXBuildFile; fileRef = A0BD1BCF1D6E26660040A71D /* ContactCell.xib */; };
		A0BD1BD21D6E2A9D0040A71D /* TransfersRequest.swift in Sources */ = {isa = PBXBuildFile; fileRef = A0BD1BD11D6E2A9D0040A71D /* TransfersRequest.swift */; };
		A0BD1BD41D6E2AE60040A71D /* Transfer.swift in Sources */ = {isa = PBXBuildFile; fileRef = A0BD1BD31D6E2AE60040A71D /* Transfer.swift */; };
		A0BD1BD61D6E2C470040A71D /* Transfer+Ext.swift in Sources */ = {isa = PBXBuildFile; fileRef = A0BD1BD51D6E2C470040A71D /* Transfer+Ext.swift */; };
		A0BD1BD81D6E33DB0040A71D /* TransfersTableViewController.swift in Sources */ = {isa = PBXBuildFile; fileRef = A0BD1BD71D6E33DB0040A71D /* TransfersTableViewController.swift */; };
		A0BD1BDA1D6E37A70040A71D /* Contacts.plist in Resources */ = {isa = PBXBuildFile; fileRef = A0BD1BD91D6E37A70040A71D /* Contacts.plist */; };
		A0BD1BEB1D6E64A80040A71D /* charlinho.png in Resources */ = {isa = PBXBuildFile; fileRef = A0BD1BDC1D6E64A80040A71D /* charlinho.png */; };
		A0BD1BEC1D6E64A80040A71D /* claudioricardo.png in Resources */ = {isa = PBXBuildFile; fileRef = A0BD1BDD1D6E64A80040A71D /* claudioricardo.png */; };
		A0BD1BED1D6E64A80040A71D /* donamaxima.png in Resources */ = {isa = PBXBuildFile; fileRef = A0BD1BDE1D6E64A80040A71D /* donamaxima.png */; };
		A0BD1BEE1D6E64A80040A71D /* gilbrother.png in Resources */ = {isa = PBXBuildFile; fileRef = A0BD1BDF1D6E64A80040A71D /* gilbrother.png */; };
		A0BD1BEF1D6E64A80040A71D /* hermes.png in Resources */ = {isa = PBXBuildFile; fileRef = A0BD1BE01D6E64A80040A71D /* hermes.png */; };
		A0BD1BF01D6E64A80040A71D /* jaqueline.png in Resources */ = {isa = PBXBuildFile; fileRef = A0BD1BE11D6E64A80040A71D /* jaqueline.png */; };
		A0BD1BF11D6E64A80040A71D /* joselito.png in Resources */ = {isa = PBXBuildFile; fileRef = A0BD1BE21D6E64A80040A71D /* joselito.png */; };
		A0BD1BF21D6E64A80040A71D /* lacerda.png in Resources */ = {isa = PBXBuildFile; fileRef = A0BD1BE31D6E64A80040A71D /* lacerda.png */; };
		A0BD1BF31D6E64A80040A71D /* lindomar.png in Resources */ = {isa = PBXBuildFile; fileRef = A0BD1BE41D6E64A80040A71D /* lindomar.png */; };
		A0BD1BF41D6E64A80040A71D /* linhares.png in Resources */ = {isa = PBXBuildFile; fileRef = A0BD1BE51D6E64A80040A71D /* linhares.png */; };
		A0BD1BF51D6E64A80040A71D /* lourdes.png in Resources */ = {isa = PBXBuildFile; fileRef = A0BD1BE61D6E64A80040A71D /* lourdes.png */; };
		A0BD1BF61D6E64A80040A71D /* luisboca.png in Resources */ = {isa = PBXBuildFile; fileRef = A0BD1BE71D6E64A80040A71D /* luisboca.png */; };
		A0BD1BF71D6E64A80040A71D /* padrequemedo.png in Resources */ = {isa = PBXBuildFile; fileRef = A0BD1BE81D6E64A80040A71D /* padrequemedo.png */; };
		A0BD1BF81D6E64A80040A71D /* renato.png in Resources */ = {isa = PBXBuildFile; fileRef = A0BD1BE91D6E64A80040A71D /* renato.png */; };
		A0BD1BF91D6E64A80040A71D /* wallace.png in Resources */ = {isa = PBXBuildFile; fileRef = A0BD1BEA1D6E64A80040A71D /* wallace.png */; };
		A0BD1BFC1D6E6D150040A71D /* ContactDataManager.swift in Sources */ = {isa = PBXBuildFile; fileRef = A0BD1BFB1D6E6D150040A71D /* ContactDataManager.swift */; };
/* End PBXBuildFile section */

/* Begin PBXContainerItemProxy section */
		A020981E1D6DCCE7003283AE /* PBXContainerItemProxy */ = {
			isa = PBXContainerItemProxy;
			containerPortal = A02098011D6DCCE7003283AE /* Project object */;
			proxyType = 1;
			remoteGlobalIDString = A02098081D6DCCE7003283AE;
			remoteInfo = Neon;
		};
/* End PBXContainerItemProxy section */

/* Begin PBXFileReference section */
		01D8100895FF305A06AA2AD4 /* Pods-Neon.release.xcconfig */ = {isa = PBXFileReference; includeInIndex = 1; lastKnownFileType = text.xcconfig; name = "Pods-Neon.release.xcconfig"; path = "Pods/Target Support Files/Pods-Neon/Pods-Neon.release.xcconfig"; sourceTree = "<group>"; };
		0414F8C6C5A2D5354A57BC4F /* Pods_NeonTests.framework */ = {isa = PBXFileReference; explicitFileType = wrapper.framework; includeInIndex = 0; path = Pods_NeonTests.framework; sourceTree = BUILT_PRODUCTS_DIR; };
		305F8B72C14421C52E469F83 /* Pods-NeonTests.release.xcconfig */ = {isa = PBXFileReference; includeInIndex = 1; lastKnownFileType = text.xcconfig; name = "Pods-NeonTests.release.xcconfig"; path = "Pods/Target Support Files/Pods-NeonTests/Pods-NeonTests.release.xcconfig"; sourceTree = "<group>"; };
		35B2203BCB43A92A153C4D81 /* Pods-NeonTests.debug.xcconfig */ = {isa = PBXFileReference; includeInIndex = 1; lastKnownFileType = text.xcconfig; name = "Pods-NeonTests.debug.xcconfig"; path = "Pods/Target Support Files/Pods-NeonTests/Pods-NeonTests.debug.xcconfig"; sourceTree = "<group>"; };
		6B3D394B0007965F574A4967 /* Pods_Neon.framework */ = {isa = PBXFileReference; explicitFileType = wrapper.framework; includeInIndex = 0; path = Pods_Neon.framework; sourceTree = BUILT_PRODUCTS_DIR; };
		A02098091D6DCCE7003283AE /* Neon.app */ = {isa = PBXFileReference; explicitFileType = wrapper.application; includeInIndex = 0; path = Neon.app; sourceTree = BUILT_PRODUCTS_DIR; };
		A020980C1D6DCCE7003283AE /* AppDelegate.swift */ = {isa = PBXFileReference; lastKnownFileType = sourcecode.swift; path = AppDelegate.swift; sourceTree = "<group>"; };
		A020980E1D6DCCE7003283AE /* HomeViewController.swift */ = {isa = PBXFileReference; lastKnownFileType = sourcecode.swift; path = HomeViewController.swift; sourceTree = "<group>"; };
		A02098111D6DCCE7003283AE /* Base */ = {isa = PBXFileReference; lastKnownFileType = file.storyboard; name = Base; path = Base.lproj/Main.storyboard; sourceTree = "<group>"; };
		A02098131D6DCCE7003283AE /* Assets.xcassets */ = {isa = PBXFileReference; lastKnownFileType = folder.assetcatalog; path = Assets.xcassets; sourceTree = "<group>"; };
		A02098161D6DCCE7003283AE /* Base */ = {isa = PBXFileReference; lastKnownFileType = file.storyboard; name = Base; path = Base.lproj/LaunchScreen.storyboard; sourceTree = "<group>"; };
		A02098181D6DCCE7003283AE /* Info.plist */ = {isa = PBXFileReference; lastKnownFileType = text.plist.xml; path = Info.plist; sourceTree = "<group>"; };
		A020981D1D6DCCE7003283AE /* NeonTests.xctest */ = {isa = PBXFileReference; explicitFileType = wrapper.cfbundle; includeInIndex = 0; path = NeonTests.xctest; sourceTree = BUILT_PRODUCTS_DIR; };
		A02098231D6DCCE7003283AE /* Info.plist */ = {isa = PBXFileReference; lastKnownFileType = text.plist.xml; path = Info.plist; sourceTree = "<group>"; };
		A040F74C1D6F95E90083325B /* BaseTableViewController.swift */ = {isa = PBXFileReference; fileEncoding = 4; lastKnownFileType = sourcecode.swift; path = BaseTableViewController.swift; sourceTree = "<group>"; };
		A040F74E1D6F99AC0083325B /* SCLAlertView+Ext.swift */ = {isa = PBXFileReference; fileEncoding = 4; lastKnownFileType = sourcecode.swift; path = "SCLAlertView+Ext.swift"; sourceTree = "<group>"; };
		A040F7501D6FB6360083325B /* ContactTests.swift */ = {isa = PBXFileReference; fileEncoding = 4; lastKnownFileType = sourcecode.swift; path = ContactTests.swift; sourceTree = "<group>"; };
		A040F7521D6FB8CF0083325B /* TransferTests.swift */ = {isa = PBXFileReference; fileEncoding = 4; lastKnownFileType = sourcecode.swift; path = TransferTests.swift; sourceTree = "<group>"; };
		A040F7561D6FC5C50083325B /* StringTests.swift */ = {isa = PBXFileReference; fileEncoding = 4; lastKnownFileType = sourcecode.swift; name = StringTests.swift; path = ../Neon/StringTests.swift; sourceTree = "<group>"; };
		A040F7581D6FC7520083325B /* ContactDataManagerTests.swift */ = {isa = PBXFileReference; fileEncoding = 4; lastKnownFileType = sourcecode.swift; path = ContactDataManagerTests.swift; sourceTree = "<group>"; };
		A05A76AC1D6F2E7D0092B725 /* me.png */ = {isa = PBXFileReference; lastKnownFileType = image.png; path = me.png; sourceTree = "<group>"; };
		A0BD1BBB1D6DE8580040A71D /* ContactsTableViewController.swift */ = {isa = PBXFileReference; fileEncoding = 4; lastKnownFileType = sourcecode.swift; path = ContactsTableViewController.swift; sourceTree = "<group>"; };
		A0BD1BBD1D6DEAEA0040A71D /* ContactCell.swift */ = {isa = PBXFileReference; fileEncoding = 4; lastKnownFileType = sourcecode.swift; path = ContactCell.swift; sourceTree = "<group>"; };
		A0BD1BBF1D6DEB720040A71D /* Contact.swift */ = {isa = PBXFileReference; fileEncoding = 4; lastKnownFileType = sourcecode.swift; path = Contact.swift; sourceTree = "<group>"; };
		A0BD1BC11D6E07710040A71D /* String+Ext.swift */ = {isa = PBXFileReference; fileEncoding = 4; lastKnownFileType = sourcecode.swift; path = "String+Ext.swift"; sourceTree = "<group>"; };
		A0BD1BC31D6E17150040A71D /* Constants.swift */ = {isa = PBXFileReference; fileEncoding = 4; lastKnownFileType = sourcecode.swift; path = Constants.swift; sourceTree = "<group>"; };
		A0BD1BC51D6E17C90040A71D /* BaseRequest.swift */ = {isa = PBXFileReference; fileEncoding = 4; lastKnownFileType = sourcecode.swift; path = BaseRequest.swift; sourceTree = "<group>"; };
		A0BD1BC71D6E18190040A71D /* GenerateTokenRequest.swift */ = {isa = PBXFileReference; fileEncoding = 4; lastKnownFileType = sourcecode.swift; path = GenerateTokenRequest.swift; sourceTree = "<group>"; };
		A0BD1BC91D6E1CAD0040A71D /* ErrorList.swift */ = {isa = PBXFileReference; fileEncoding = 4; lastKnownFileType = sourcecode.swift; path = ErrorList.swift; sourceTree = "<group>"; };
		A0BD1BCB1D6E1E6E0040A71D /* SendMoneyRequest.swift */ = {isa = PBXFileReference; fileEncoding = 4; lastKnownFileType = sourcecode.swift; path = SendMoneyRequest.swift; sourceTree = "<group>"; };
		A0BD1BCF1D6E26660040A71D /* ContactCell.xib */ = {isa = PBXFileReference; fileEncoding = 4; lastKnownFileType = file.xib; path = ContactCell.xib; sourceTree = "<group>"; };
		A0BD1BD11D6E2A9D0040A71D /* TransfersRequest.swift */ = {isa = PBXFileReference; fileEncoding = 4; lastKnownFileType = sourcecode.swift; path = TransfersRequest.swift; sourceTree = "<group>"; };
		A0BD1BD31D6E2AE60040A71D /* Transfer.swift */ = {isa = PBXFileReference; fileEncoding = 4; lastKnownFileType = sourcecode.swift; path = Transfer.swift; sourceTree = "<group>"; };
		A0BD1BD51D6E2C470040A71D /* Transfer+Ext.swift */ = {isa = PBXFileReference; fileEncoding = 4; lastKnownFileType = sourcecode.swift; path = "Transfer+Ext.swift"; sourceTree = "<group>"; };
		A0BD1BD71D6E33DB0040A71D /* TransfersTableViewController.swift */ = {isa = PBXFileReference; fileEncoding = 4; lastKnownFileType = sourcecode.swift; path = TransfersTableViewController.swift; sourceTree = "<group>"; };
		A0BD1BD91D6E37A70040A71D /* Contacts.plist */ = {isa = PBXFileReference; fileEncoding = 4; lastKnownFileType = text.plist.xml; path = Contacts.plist; sourceTree = "<group>"; };
		A0BD1BDC1D6E64A80040A71D /* charlinho.png */ = {isa = PBXFileReference; lastKnownFileType = image.png; path = charlinho.png; sourceTree = "<group>"; };
		A0BD1BDD1D6E64A80040A71D /* claudioricardo.png */ = {isa = PBXFileReference; lastKnownFileType = image.png; path = claudioricardo.png; sourceTree = "<group>"; };
		A0BD1BDE1D6E64A80040A71D /* donamaxima.png */ = {isa = PBXFileReference; lastKnownFileType = image.png; path = donamaxima.png; sourceTree = "<group>"; };
		A0BD1BDF1D6E64A80040A71D /* gilbrother.png */ = {isa = PBXFileReference; lastKnownFileType = image.png; path = gilbrother.png; sourceTree = "<group>"; };
		A0BD1BE01D6E64A80040A71D /* hermes.png */ = {isa = PBXFileReference; lastKnownFileType = image.png; path = hermes.png; sourceTree = "<group>"; };
		A0BD1BE11D6E64A80040A71D /* jaqueline.png */ = {isa = PBXFileReference; lastKnownFileType = image.png; path = jaqueline.png; sourceTree = "<group>"; };
		A0BD1BE21D6E64A80040A71D /* joselito.png */ = {isa = PBXFileReference; lastKnownFileType = image.png; path = joselito.png; sourceTree = "<group>"; };
		A0BD1BE31D6E64A80040A71D /* lacerda.png */ = {isa = PBXFileReference; lastKnownFileType = image.png; path = lacerda.png; sourceTree = "<group>"; };
		A0BD1BE41D6E64A80040A71D /* lindomar.png */ = {isa = PBXFileReference; lastKnownFileType = image.png; path = lindomar.png; sourceTree = "<group>"; };
		A0BD1BE51D6E64A80040A71D /* linhares.png */ = {isa = PBXFileReference; lastKnownFileType = image.png; path = linhares.png; sourceTree = "<group>"; };
		A0BD1BE61D6E64A80040A71D /* lourdes.png */ = {isa = PBXFileReference; lastKnownFileType = image.png; path = lourdes.png; sourceTree = "<group>"; };
		A0BD1BE71D6E64A80040A71D /* luisboca.png */ = {isa = PBXFileReference; lastKnownFileType = image.png; path = luisboca.png; sourceTree = "<group>"; };
		A0BD1BE81D6E64A80040A71D /* padrequemedo.png */ = {isa = PBXFileReference; lastKnownFileType = image.png; path = padrequemedo.png; sourceTree = "<group>"; };
		A0BD1BE91D6E64A80040A71D /* renato.png */ = {isa = PBXFileReference; lastKnownFileType = image.png; path = renato.png; sourceTree = "<group>"; };
		A0BD1BEA1D6E64A80040A71D /* wallace.png */ = {isa = PBXFileReference; lastKnownFileType = image.png; path = wallace.png; sourceTree = "<group>"; };
		A0BD1BFB1D6E6D150040A71D /* ContactDataManager.swift */ = {isa = PBXFileReference; fileEncoding = 4; lastKnownFileType = sourcecode.swift; path = ContactDataManager.swift; sourceTree = "<group>"; };
		FD486D4543EC5786D16F260A /* Pods-Neon.debug.xcconfig */ = {isa = PBXFileReference; includeInIndex = 1; lastKnownFileType = text.xcconfig; name = "Pods-Neon.debug.xcconfig"; path = "Pods/Target Support Files/Pods-Neon/Pods-Neon.debug.xcconfig"; sourceTree = "<group>"; };
/* End PBXFileReference section */

/* Begin PBXFrameworksBuildPhase section */
		A02098061D6DCCE7003283AE /* Frameworks */ = {
			isa = PBXFrameworksBuildPhase;
			buildActionMask = 2147483647;
			files = (
				8A94682434720F3494703601 /* Pods_Neon.framework in Frameworks */,
			);
			runOnlyForDeploymentPostprocessing = 0;
		};
		A020981A1D6DCCE7003283AE /* Frameworks */ = {
			isa = PBXFrameworksBuildPhase;
			buildActionMask = 2147483647;
			files = (
				308662B6E3CD9CA21E34B517 /* Pods_NeonTests.framework in Frameworks */,
			);
			runOnlyForDeploymentPostprocessing = 0;
		};
/* End PBXFrameworksBuildPhase section */

/* Begin PBXGroup section */
		51DC0823D9070A7A02701EFF /* Frameworks */ = {
			isa = PBXGroup;
			children = (
				6B3D394B0007965F574A4967 /* Pods_Neon.framework */,
				0414F8C6C5A2D5354A57BC4F /* Pods_NeonTests.framework */,
			);
			name = Frameworks;
			sourceTree = "<group>";
		};
		A02098001D6DCCE7003283AE = {
			isa = PBXGroup;
			children = (
				A020980B1D6DCCE7003283AE /* Neon */,
				A02098201D6DCCE7003283AE /* NeonTests */,
				A020980A1D6DCCE7003283AE /* Products */,
				E8F5A5863A3E011845429E71 /* Pods */,
				51DC0823D9070A7A02701EFF /* Frameworks */,
			);
			sourceTree = "<group>";
		};
		A020980A1D6DCCE7003283AE /* Products */ = {
			isa = PBXGroup;
			children = (
				A02098091D6DCCE7003283AE /* Neon.app */,
				A020981D1D6DCCE7003283AE /* NeonTests.xctest */,
			);
			name = Products;
			sourceTree = "<group>";
		};
		A020980B1D6DCCE7003283AE /* Neon */ = {
			isa = PBXGroup;
			children = (
				A0BD1BFA1D6E6CE30040A71D /* Data Managers */,
				A0BD1BBA1D6DE3770040A71D /* Cells */,
				A0BD1BB91D6DE3690040A71D /* Extensions */,
				A0BD1BB81D6DE33B0040A71D /* Requests */,
				A0BD1BB71D6DE3350040A71D /* Constants */,
				A0BD1BB61D6DE32A0040A71D /* ViewControllers */,
				A0BD1BB51D6DE3210040A71D /* Models */,
				A020980C1D6DCCE7003283AE /* AppDelegate.swift */,
				A02098101D6DCCE7003283AE /* Main.storyboard */,
				A0BD1BD91D6E37A70040A71D /* Contacts.plist */,
				A02098131D6DCCE7003283AE /* Assets.xcassets */,
				A0BD1BDB1D6E64A80040A71D /* personagens */,
				A02098151D6DCCE7003283AE /* LaunchScreen.storyboard */,
				A02098181D6DCCE7003283AE /* Info.plist */,
			);
			path = Neon;
			sourceTree = "<group>";
		};
		A02098201D6DCCE7003283AE /* NeonTests */ = {
			isa = PBXGroup;
			children = (
				A02098231D6DCCE7003283AE /* Info.plist */,
				A040F7501D6FB6360083325B /* ContactTests.swift */,
				A040F7561D6FC5C50083325B /* StringTests.swift */,
				A040F7521D6FB8CF0083325B /* TransferTests.swift */,
				A040F7581D6FC7520083325B /* ContactDataManagerTests.swift */,
			);
			path = NeonTests;
			sourceTree = "<group>";
		};
		A0BD1BB51D6DE3210040A71D /* Models */ = {
			isa = PBXGroup;
			children = (
				A0BD1BBF1D6DEB720040A71D /* Contact.swift */,
				A0BD1BD31D6E2AE60040A71D /* Transfer.swift */,
			);
			name = Models;
			sourceTree = "<group>";
		};
		A0BD1BB61D6DE32A0040A71D /* ViewControllers */ = {
			isa = PBXGroup;
			children = (
				A020980E1D6DCCE7003283AE /* HomeViewController.swift */,
				A0BD1BBB1D6DE8580040A71D /* ContactsTableViewController.swift */,
				A0BD1BD71D6E33DB0040A71D /* TransfersTableViewController.swift */,
				A040F74C1D6F95E90083325B /* BaseTableViewController.swift */,
			);
			name = ViewControllers;
			sourceTree = "<group>";
		};
		A0BD1BB71D6DE3350040A71D /* Constants */ = {
			isa = PBXGroup;
			children = (
				A0BD1BC31D6E17150040A71D /* Constants.swift */,
				A0BD1BC91D6E1CAD0040A71D /* ErrorList.swift */,
			);
			name = Constants;
			sourceTree = "<group>";
		};
		A0BD1BB81D6DE33B0040A71D /* Requests */ = {
			isa = PBXGroup;
			children = (
				A0BD1BC51D6E17C90040A71D /* BaseRequest.swift */,
				A0BD1BC71D6E18190040A71D /* GenerateTokenRequest.swift */,
				A0BD1BCB1D6E1E6E0040A71D /* SendMoneyRequest.swift */,
				A0BD1BD11D6E2A9D0040A71D /* TransfersRequest.swift */,
			);
			name = Requests;
			sourceTree = "<group>";
		};
		A0BD1BB91D6DE3690040A71D /* Extensions */ = {
			isa = PBXGroup;
			children = (
				A0BD1BC11D6E07710040A71D /* String+Ext.swift */,
				A0BD1BD51D6E2C470040A71D /* Transfer+Ext.swift */,
				A040F74E1D6F99AC0083325B /* SCLAlertView+Ext.swift */,
			);
			name = Extensions;
			sourceTree = "<group>";
		};
		A0BD1BBA1D6DE3770040A71D /* Cells */ = {
			isa = PBXGroup;
			children = (
				A0BD1BBD1D6DEAEA0040A71D /* ContactCell.swift */,
				A0BD1BCF1D6E26660040A71D /* ContactCell.xib */,
			);
			name = Cells;
			sourceTree = "<group>";
		};
		A0BD1BDB1D6E64A80040A71D /* personagens */ = {
			isa = PBXGroup;
			children = (
				A05A76AC1D6F2E7D0092B725 /* me.png */,
				A0BD1BDC1D6E64A80040A71D /* charlinho.png */,
				A0BD1BDD1D6E64A80040A71D /* claudioricardo.png */,
				A0BD1BDE1D6E64A80040A71D /* donamaxima.png */,
				A0BD1BDF1D6E64A80040A71D /* gilbrother.png */,
				A0BD1BE01D6E64A80040A71D /* hermes.png */,
				A0BD1BE11D6E64A80040A71D /* jaqueline.png */,
				A0BD1BE21D6E64A80040A71D /* joselito.png */,
				A0BD1BE31D6E64A80040A71D /* lacerda.png */,
				A0BD1BE41D6E64A80040A71D /* lindomar.png */,
				A0BD1BE51D6E64A80040A71D /* linhares.png */,
				A0BD1BE61D6E64A80040A71D /* lourdes.png */,
				A0BD1BE71D6E64A80040A71D /* luisboca.png */,
				A0BD1BE81D6E64A80040A71D /* padrequemedo.png */,
				A0BD1BE91D6E64A80040A71D /* renato.png */,
				A0BD1BEA1D6E64A80040A71D /* wallace.png */,
			);
			path = personagens;
			sourceTree = "<group>";
		};
		A0BD1BFA1D6E6CE30040A71D /* Data Managers */ = {
			isa = PBXGroup;
			children = (
				A0BD1BFB1D6E6D150040A71D /* ContactDataManager.swift */,
			);
			name = "Data Managers";
			sourceTree = "<group>";
		};
		E8F5A5863A3E011845429E71 /* Pods */ = {
			isa = PBXGroup;
			children = (
				FD486D4543EC5786D16F260A /* Pods-Neon.debug.xcconfig */,
				01D8100895FF305A06AA2AD4 /* Pods-Neon.release.xcconfig */,
				35B2203BCB43A92A153C4D81 /* Pods-NeonTests.debug.xcconfig */,
				305F8B72C14421C52E469F83 /* Pods-NeonTests.release.xcconfig */,
			);
			name = Pods;
			sourceTree = "<group>";
		};
/* End PBXGroup section */

/* Begin PBXNativeTarget section */
		A02098081D6DCCE7003283AE /* Neon */ = {
			isa = PBXNativeTarget;
			buildConfigurationList = A02098261D6DCCE7003283AE /* Build configuration list for PBXNativeTarget "Neon" */;
			buildPhases = (
				A019E2030EA3365E4C004B10 /* [CP] Check Pods Manifest.lock */,
				A02098051D6DCCE7003283AE /* Sources */,
				A02098061D6DCCE7003283AE /* Frameworks */,
				A02098071D6DCCE7003283AE /* Resources */,
				DFDF983AB5FCDD24EAE94EF6 /* [CP] Embed Pods Frameworks */,
				21A57CC041A7DF358EFEEA0F /* [CP] Copy Pods Resources */,
			);
			buildRules = (
			);
			dependencies = (
			);
			name = Neon;
			productName = Neon;
			productReference = A02098091D6DCCE7003283AE /* Neon.app */;
			productType = "com.apple.product-type.application";
		};
		A020981C1D6DCCE7003283AE /* NeonTests */ = {
			isa = PBXNativeTarget;
			buildConfigurationList = A02098291D6DCCE7003283AE /* Build configuration list for PBXNativeTarget "NeonTests" */;
			buildPhases = (
				3C6491AA42E5CCDA9FECFC4E /* [CP] Check Pods Manifest.lock */,
				A02098191D6DCCE7003283AE /* Sources */,
				A020981A1D6DCCE7003283AE /* Frameworks */,
				A020981B1D6DCCE7003283AE /* Resources */,
				AF2D928EA4A178C88471069C /* [CP] Embed Pods Frameworks */,
				B4F8B88F527013445F961D2C /* [CP] Copy Pods Resources */,
			);
			buildRules = (
			);
			dependencies = (
				A020981F1D6DCCE7003283AE /* PBXTargetDependency */,
			);
			name = NeonTests;
			productName = NeonTests;
			productReference = A020981D1D6DCCE7003283AE /* NeonTests.xctest */;
			productType = "com.apple.product-type.bundle.unit-test";
		};
/* End PBXNativeTarget section */

/* Begin PBXProject section */
		A02098011D6DCCE7003283AE /* Project object */ = {
			isa = PBXProject;
			attributes = {
				LastSwiftUpdateCheck = 0730;
				LastUpgradeCheck = 0730;
				ORGANIZATIONNAME = Domene;
				TargetAttributes = {
					A02098081D6DCCE7003283AE = {
						CreatedOnToolsVersion = 7.3.1;
					};
					A020981C1D6DCCE7003283AE = {
						CreatedOnToolsVersion = 7.3.1;
						TestTargetID = A02098081D6DCCE7003283AE;
					};
				};
			};
			buildConfigurationList = A02098041D6DCCE7003283AE /* Build configuration list for PBXProject "Neon" */;
			compatibilityVersion = "Xcode 3.2";
			developmentRegion = English;
			hasScannedForEncodings = 0;
			knownRegions = (
				en,
				Base,
			);
			mainGroup = A02098001D6DCCE7003283AE;
			productRefGroup = A020980A1D6DCCE7003283AE /* Products */;
			projectDirPath = "";
			projectRoot = "";
			targets = (
				A02098081D6DCCE7003283AE /* Neon */,
				A020981C1D6DCCE7003283AE /* NeonTests */,
			);
		};
/* End PBXProject section */

/* Begin PBXResourcesBuildPhase section */
		A02098071D6DCCE7003283AE /* Resources */ = {
			isa = PBXResourcesBuildPhase;
			buildActionMask = 2147483647;
			files = (
				A0BD1BED1D6E64A80040A71D /* donamaxima.png in Resources */,
				A0BD1BF41D6E64A80040A71D /* linhares.png in Resources */,
				A0BD1BF21D6E64A80040A71D /* lacerda.png in Resources */,
				A0BD1BEF1D6E64A80040A71D /* hermes.png in Resources */,
				A0BD1BF61D6E64A80040A71D /* luisboca.png in Resources */,
				A0BD1BEB1D6E64A80040A71D /* charlinho.png in Resources */,
				A05A76AD1D6F2E7D0092B725 /* me.png in Resources */,
				A0BD1BF01D6E64A80040A71D /* jaqueline.png in Resources */,
				A0BD1BF91D6E64A80040A71D /* wallace.png in Resources */,
				A0BD1BD01D6E26660040A71D /* ContactCell.xib in Resources */,
				A02098171D6DCCE7003283AE /* LaunchScreen.storyboard in Resources */,
				A02098141D6DCCE7003283AE /* Assets.xcassets in Resources */,
				A0BD1BEE1D6E64A80040A71D /* gilbrother.png in Resources */,
				A0BD1BF31D6E64A80040A71D /* lindomar.png in Resources */,
				A0BD1BF11D6E64A80040A71D /* joselito.png in Resources */,
				A0BD1BF51D6E64A80040A71D /* lourdes.png in Resources */,
				A02098121D6DCCE7003283AE /* Main.storyboard in Resources */,
				A0BD1BEC1D6E64A80040A71D /* claudioricardo.png in Resources */,
				A0BD1BDA1D6E37A70040A71D /* Contacts.plist in Resources */,
				A0BD1BF71D6E64A80040A71D /* padrequemedo.png in Resources */,
				A0BD1BF81D6E64A80040A71D /* renato.png in Resources */,
			);
			runOnlyForDeploymentPostprocessing = 0;
		};
		A020981B1D6DCCE7003283AE /* Resources */ = {
			isa = PBXResourcesBuildPhase;
			buildActionMask = 2147483647;
			files = (
			);
			runOnlyForDeploymentPostprocessing = 0;
		};
/* End PBXResourcesBuildPhase section */

/* Begin PBXShellScriptBuildPhase section */
		21A57CC041A7DF358EFEEA0F /* [CP] Copy Pods Resources */ = {
			isa = PBXShellScriptBuildPhase;
			buildActionMask = 2147483647;
			files = (
			);
			inputPaths = (
			);
			name = "[CP] Copy Pods Resources";
			outputPaths = (
			);
			runOnlyForDeploymentPostprocessing = 0;
			shellPath = /bin/sh;
			shellScript = "\"${SRCROOT}/Pods/Target Support Files/Pods-Neon/Pods-Neon-resources.sh\"\n";
			showEnvVarsInLog = 0;
		};
		3C6491AA42E5CCDA9FECFC4E /* [CP] Check Pods Manifest.lock */ = {
			isa = PBXShellScriptBuildPhase;
			buildActionMask = 2147483647;
			files = (
			);
			inputPaths = (
			);
			name = "[CP] Check Pods Manifest.lock";
			outputPaths = (
			);
			runOnlyForDeploymentPostprocessing = 0;
			shellPath = /bin/sh;
			shellScript = "diff \"${PODS_ROOT}/../Podfile.lock\" \"${PODS_ROOT}/Manifest.lock\" > /dev/null\nif [[ $? != 0 ]] ; then\n    cat << EOM\nerror: The sandbox is not in sync with the Podfile.lock. Run 'pod install' or update your CocoaPods installation.\nEOM\n    exit 1\nfi\n";
			showEnvVarsInLog = 0;
		};
		A019E2030EA3365E4C004B10 /* [CP] Check Pods Manifest.lock */ = {
			isa = PBXShellScriptBuildPhase;
			buildActionMask = 2147483647;
			files = (
			);
			inputPaths = (
			);
			name = "[CP] Check Pods Manifest.lock";
			outputPaths = (
			);
			runOnlyForDeploymentPostprocessing = 0;
			shellPath = /bin/sh;
			shellScript = "diff \"${PODS_ROOT}/../Podfile.lock\" \"${PODS_ROOT}/Manifest.lock\" > /dev/null\nif [[ $? != 0 ]] ; then\n    cat << EOM\nerror: The sandbox is not in sync with the Podfile.lock. Run 'pod install' or update your CocoaPods installation.\nEOM\n    exit 1\nfi\n";
			showEnvVarsInLog = 0;
		};
		AF2D928EA4A178C88471069C /* [CP] Embed Pods Frameworks */ = {
			isa = PBXShellScriptBuildPhase;
			buildActionMask = 2147483647;
			files = (
			);
			inputPaths = (
			);
			name = "[CP] Embed Pods Frameworks";
			outputPaths = (
			);
			runOnlyForDeploymentPostprocessing = 0;
			shellPath = /bin/sh;
			shellScript = "\"${SRCROOT}/Pods/Target Support Files/Pods-NeonTests/Pods-NeonTests-frameworks.sh\"\n";
			showEnvVarsInLog = 0;
		};
		B4F8B88F527013445F961D2C /* [CP] Copy Pods Resources */ = {
			isa = PBXShellScriptBuildPhase;
			buildActionMask = 2147483647;
			files = (
			);
			inputPaths = (
			);
			name = "[CP] Copy Pods Resources";
			outputPaths = (
			);
			runOnlyForDeploymentPostprocessing = 0;
			shellPath = /bin/sh;
			shellScript = "\"${SRCROOT}/Pods/Target Support Files/Pods-NeonTests/Pods-NeonTests-resources.sh\"\n";
			showEnvVarsInLog = 0;
		};
		DFDF983AB5FCDD24EAE94EF6 /* [CP] Embed Pods Frameworks */ = {
			isa = PBXShellScriptBuildPhase;
			buildActionMask = 2147483647;
			files = (
			);
			inputPaths = (
			);
			name = "[CP] Embed Pods Frameworks";
			outputPaths = (
			);
			runOnlyForDeploymentPostprocessing = 0;
			shellPath = /bin/sh;
			shellScript = "\"${SRCROOT}/Pods/Target Support Files/Pods-Neon/Pods-Neon-frameworks.sh\"\n";
			showEnvVarsInLog = 0;
		};
/* End PBXShellScriptBuildPhase section */

/* Begin PBXSourcesBuildPhase section */
		A02098051D6DCCE7003283AE /* Sources */ = {
			isa = PBXSourcesBuildPhase;
			buildActionMask = 2147483647;
			files = (
				A040F74F1D6F99AC0083325B /* SCLAlertView+Ext.swift in Sources */,
				A0BD1BC61D6E17C90040A71D /* BaseRequest.swift in Sources */,
				A0BD1BD81D6E33DB0040A71D /* TransfersTableViewController.swift in Sources */,
				A0BD1BC21D6E07710040A71D /* String+Ext.swift in Sources */,
				A0BD1BD21D6E2A9D0040A71D /* TransfersRequest.swift in Sources */,
				A040F74D1D6F95E90083325B /* BaseTableViewController.swift in Sources */,
				A0BD1BFC1D6E6D150040A71D /* ContactDataManager.swift in Sources */,
				A0BD1BBE1D6DEAEA0040A71D /* ContactCell.swift in Sources */,
				A020980F1D6DCCE7003283AE /* HomeViewController.swift in Sources */,
				A0BD1BC01D6DEB720040A71D /* Contact.swift in Sources */,
				A0BD1BC41D6E17150040A71D /* Constants.swift in Sources */,
				A020980D1D6DCCE7003283AE /* AppDelegate.swift in Sources */,
				A0BD1BBC1D6DE8580040A71D /* ContactsTableViewController.swift in Sources */,
				A0BD1BCA1D6E1CAD0040A71D /* ErrorList.swift in Sources */,
				A0BD1BD61D6E2C470040A71D /* Transfer+Ext.swift in Sources */,
				A0BD1BC81D6E18190040A71D /* GenerateTokenRequest.swift in Sources */,
				A0BD1BCC1D6E1E6E0040A71D /* SendMoneyRequest.swift in Sources */,
				A0BD1BD41D6E2AE60040A71D /* Transfer.swift in Sources */,
			);
			runOnlyForDeploymentPostprocessing = 0;
		};
		A02098191D6DCCE7003283AE /* Sources */ = {
			isa = PBXSourcesBuildPhase;
			buildActionMask = 2147483647;
			files = (
				A040F7591D6FC7520083325B /* ContactDataManagerTests.swift in Sources */,
				A040F7531D6FB8CF0083325B /* TransferTests.swift in Sources */,
				A040F7571D6FC5C50083325B /* StringTests.swift in Sources */,
				A040F7511D6FB6360083325B /* ContactTests.swift in Sources */,
			);
			runOnlyForDeploymentPostprocessing = 0;
		};
/* End PBXSourcesBuildPhase section */

/* Begin PBXTargetDependency section */
		A020981F1D6DCCE7003283AE /* PBXTargetDependency */ = {
			isa = PBXTargetDependency;
			target = A02098081D6DCCE7003283AE /* Neon */;
			targetProxy = A020981E1D6DCCE7003283AE /* PBXContainerItemProxy */;
		};
/* End PBXTargetDependency section */

/* Begin PBXVariantGroup section */
		A02098101D6DCCE7003283AE /* Main.storyboard */ = {
			isa = PBXVariantGroup;
			children = (
				A02098111D6DCCE7003283AE /* Base */,
			);
			name = Main.storyboard;
			sourceTree = "<group>";
		};
		A02098151D6DCCE7003283AE /* LaunchScreen.storyboard */ = {
			isa = PBXVariantGroup;
			children = (
				A02098161D6DCCE7003283AE /* Base */,
			);
			name = LaunchScreen.storyboard;
			sourceTree = "<group>";
		};
/* End PBXVariantGroup section */

/* Begin XCBuildConfiguration section */
		A02098241D6DCCE7003283AE /* Debug */ = {
			isa = XCBuildConfiguration;
			buildSettings = {
				ALWAYS_SEARCH_USER_PATHS = NO;
				CLANG_ANALYZER_NONNULL = YES;
				CLANG_CXX_LANGUAGE_STANDARD = "gnu++0x";
				CLANG_CXX_LIBRARY = "libc++";
				CLANG_ENABLE_MODULES = YES;
				CLANG_ENABLE_OBJC_ARC = YES;
				CLANG_WARN_BOOL_CONVERSION = YES;
				CLANG_WARN_CONSTANT_CONVERSION = YES;
				CLANG_WARN_DIRECT_OBJC_ISA_USAGE = YES_ERROR;
				CLANG_WARN_EMPTY_BODY = YES;
				CLANG_WARN_ENUM_CONVERSION = YES;
				CLANG_WARN_INT_CONVERSION = YES;
				CLANG_WARN_OBJC_ROOT_CLASS = YES_ERROR;
				CLANG_WARN_UNREACHABLE_CODE = YES;
				CLANG_WARN__DUPLICATE_METHOD_MATCH = YES;
				"CODE_SIGN_IDENTITY[sdk=iphoneos*]" = "iPhone Developer";
				COPY_PHASE_STRIP = NO;
				DEBUG_INFORMATION_FORMAT = dwarf;
				ENABLE_STRICT_OBJC_MSGSEND = YES;
				ENABLE_TESTABILITY = YES;
				GCC_C_LANGUAGE_STANDARD = gnu99;
				GCC_DYNAMIC_NO_PIC = NO;
				GCC_NO_COMMON_BLOCKS = YES;
				GCC_OPTIMIZATION_LEVEL = 0;
				GCC_PREPROCESSOR_DEFINITIONS = (
					"DEBUG=1",
					"$(inherited)",
				);
				GCC_WARN_64_TO_32_BIT_CONVERSION = YES;
				GCC_WARN_ABOUT_RETURN_TYPE = YES_ERROR;
				GCC_WARN_UNDECLARED_SELECTOR = YES;
				GCC_WARN_UNINITIALIZED_AUTOS = YES_AGGRESSIVE;
				GCC_WARN_UNUSED_FUNCTION = YES;
				GCC_WARN_UNUSED_VARIABLE = YES;
				IPHONEOS_DEPLOYMENT_TARGET = 9.3;
				MTL_ENABLE_DEBUG_INFO = YES;
				ONLY_ACTIVE_ARCH = YES;
				SDKROOT = iphoneos;
				SWIFT_OPTIMIZATION_LEVEL = "-Onone";
				TARGETED_DEVICE_FAMILY = "1,2";
			};
			name = Debug;
		};
		A02098251D6DCCE7003283AE /* Release */ = {
			isa = XCBuildConfiguration;
			buildSettings = {
				ALWAYS_SEARCH_USER_PATHS = NO;
				CLANG_ANALYZER_NONNULL = YES;
				CLANG_CXX_LANGUAGE_STANDARD = "gnu++0x";
				CLANG_CXX_LIBRARY = "libc++";
				CLANG_ENABLE_MODULES = YES;
				CLANG_ENABLE_OBJC_ARC = YES;
				CLANG_WARN_BOOL_CONVERSION = YES;
				CLANG_WARN_CONSTANT_CONVERSION = YES;
				CLANG_WARN_DIRECT_OBJC_ISA_USAGE = YES_ERROR;
				CLANG_WARN_EMPTY_BODY = YES;
				CLANG_WARN_ENUM_CONVERSION = YES;
				CLANG_WARN_INT_CONVERSION = YES;
				CLANG_WARN_OBJC_ROOT_CLASS = YES_ERROR;
				CLANG_WARN_UNREACHABLE_CODE = YES;
				CLANG_WARN__DUPLICATE_METHOD_MATCH = YES;
				"CODE_SIGN_IDENTITY[sdk=iphoneos*]" = "iPhone Developer";
				COPY_PHASE_STRIP = NO;
				DEBUG_INFORMATION_FORMAT = "dwarf-with-dsym";
				ENABLE_NS_ASSERTIONS = NO;
				ENABLE_STRICT_OBJC_MSGSEND = YES;
				GCC_C_LANGUAGE_STANDARD = gnu99;
				GCC_NO_COMMON_BLOCKS = YES;
				GCC_WARN_64_TO_32_BIT_CONVERSION = YES;
				GCC_WARN_ABOUT_RETURN_TYPE = YES_ERROR;
				GCC_WARN_UNDECLARED_SELECTOR = YES;
				GCC_WARN_UNINITIALIZED_AUTOS = YES_AGGRESSIVE;
				GCC_WARN_UNUSED_FUNCTION = YES;
				GCC_WARN_UNUSED_VARIABLE = YES;
				IPHONEOS_DEPLOYMENT_TARGET = 9.3;
				MTL_ENABLE_DEBUG_INFO = NO;
				SDKROOT = iphoneos;
				TARGETED_DEVICE_FAMILY = "1,2";
				VALIDATE_PRODUCT = YES;
			};
			name = Release;
		};
		A02098271D6DCCE7003283AE /* Debug */ = {
			isa = XCBuildConfiguration;
			baseConfigurationReference = FD486D4543EC5786D16F260A /* Pods-Neon.debug.xcconfig */;
			buildSettings = {
				ASSETCATALOG_COMPILER_APPICON_NAME = AppIcon;
				INFOPLIST_FILE = Neon/Info.plist;
				LD_RUNPATH_SEARCH_PATHS = "$(inherited) @executable_path/Frameworks";
				PRODUCT_BUNDLE_IDENTIFIER = com.domene.Neon;
				PRODUCT_NAME = "$(TARGET_NAME)";
			};
			name = Debug;
		};
		A02098281D6DCCE7003283AE /* Release */ = {
			isa = XCBuildConfiguration;
			baseConfigurationReference = 01D8100895FF305A06AA2AD4 /* Pods-Neon.release.xcconfig */;
			buildSettings = {
				ASSETCATALOG_COMPILER_APPICON_NAME = AppIcon;
				INFOPLIST_FILE = Neon/Info.plist;
				LD_RUNPATH_SEARCH_PATHS = "$(inherited) @executable_path/Frameworks";
				PRODUCT_BUNDLE_IDENTIFIER = com.domene.Neon;
				PRODUCT_NAME = "$(TARGET_NAME)";
			};
			name = Release;
		};
		A020982A1D6DCCE7003283AE /* Debug */ = {
			isa = XCBuildConfiguration;
			baseConfigurationReference = 35B2203BCB43A92A153C4D81 /* Pods-NeonTests.debug.xcconfig */;
			buildSettings = {
				BUNDLE_LOADER = "$(TEST_HOST)";
				INFOPLIST_FILE = NeonTests/Info.plist;
				LD_RUNPATH_SEARCH_PATHS = "$(inherited) @executable_path/Frameworks @loader_path/Frameworks";
				PRODUCT_BUNDLE_IDENTIFIER = com.domene.NeonTests;
				PRODUCT_NAME = "$(TARGET_NAME)";
				TEST_HOST = "$(BUILT_PRODUCTS_DIR)/Neon.app/Neon";
			};
			name = Debug;
		};
		A020982B1D6DCCE7003283AE /* Release */ = {
			isa = XCBuildConfiguration;
			baseConfigurationReference = 305F8B72C14421C52E469F83 /* Pods-NeonTests.release.xcconfig */;
			buildSettings = {
				BUNDLE_LOADER = "$(TEST_HOST)";
				INFOPLIST_FILE = NeonTests/Info.plist;
				LD_RUNPATH_SEARCH_PATHS = "$(inherited) @executable_path/Frameworks @loader_path/Frameworks";
				PRODUCT_BUNDLE_IDENTIFIER = com.domene.NeonTests;
				PRODUCT_NAME = "$(TARGET_NAME)";
				TEST_HOST = "$(BUILT_PRODUCTS_DIR)/Neon.app/Neon";
			};
			name = Release;
		};
/* End XCBuildConfiguration section */

/* Begin XCConfigurationList section */
		A02098041D6DCCE7003283AE /* Build configuration list for PBXProject "Neon" */ = {
			isa = XCConfigurationList;
			buildConfigurations = (
				A02098241D6DCCE7003283AE /* Debug */,
				A02098251D6DCCE7003283AE /* Release */,
			);
			defaultConfigurationIsVisible = 0;
			defaultConfigurationName = Release;
		};
		A02098261D6DCCE7003283AE /* Build configuration list for PBXNativeTarget "Neon" */ = {
			isa = XCConfigurationList;
			buildConfigurations = (
				A02098271D6DCCE7003283AE /* Debug */,
				A02098281D6DCCE7003283AE /* Release */,
			);
			defaultConfigurationIsVisible = 0;
			defaultConfigurationName = Release;
		};
		A02098291D6DCCE7003283AE /* Build configuration list for PBXNativeTarget "NeonTests" */ = {
			isa = XCConfigurationList;
			buildConfigurations = (
				A020982A1D6DCCE7003283AE /* Debug */,
				A020982B1D6DCCE7003283AE /* Release */,
			);
			defaultConfigurationIsVisible = 0;
			defaultConfigurationName = Release;
		};
/* End XCConfigurationList section */
	};
	rootObject = A02098011D6DCCE7003283AE /* Project object */;
}
